
Microsoft Visual Studio Solution File, Format Version 12.00
# Visual Studio 15
VisualStudioVersion = 15.0.27130.2027
MinimumVisualStudioVersion = 10.0.40219.1
Project("{8BC9CEB8-8B4A-11D0-8D11-00A0C91BC942}") = "UNKSOTracker2.0", "UNKSOTracker2.0\UNKSOTracker2.0.vcxproj", "{CE8981EF-E1C4-4FBB-8D7E-05189E41F33F}"
EndProject
Global
	GlobalSection(SolutionConfigurationPlatforms) = preSolution
		Debug|x64 = Debug|x64
		Debug|x86 = Debug|x86
		Release|x64 = Release|x64
		Release|x86 = Release|x86
	EndGlobalSection
	GlobalSection(ProjectConfigurationPlatforms) = postSolution
		{CE8981EF-E1C4-4FBB-8D7E-05189E41F33F}.Debug|x64.ActiveCfg = Debug|x64
		{CE8981EF-E1C4-4FBB-8D7E-05189E41F33F}.Debug|x64.Build.0 = Debug|x64
		{CE8981EF-E1C4-4FBB-8D7E-05189E41F33F}.Debug|x86.ActiveCfg = Debug|Win32
		{CE8981EF-E1C4-4FBB-8D7E-05189E41F33F}.Debug|x86.Build.0 = Debug|Win32
		{CE8981EF-E1C4-4FBB-8D7E-05189E41F33F}.Release|x64.ActiveCfg = Release|x64
		{CE8981EF-E1C4-4FBB-8D7E-05189E41F33F}.Release|x64.Build.0 = Release|x64
		{CE8981EF-E1C4-4FBB-8D7E-05189E41F33F}.Release|x86.ActiveCfg = Release|Win32
		{CE8981EF-E1C4-4FBB-8D7E-05189E41F33F}.Release|x86.Build.0 = Release|Win32
	EndGlobalSection
	GlobalSection(SolutionProperties) = preSolution
		HideSolutionNode = FALSE
	EndGlobalSection
	GlobalSection(ExtensibilityGlobals) = postSolution
		SolutionGuid = {F309FA4C-CAB2-403F-85DD-2EB1E735B55C}
	EndGlobalSection
EndGlobal
